// !$*UTF8*$!
{
	archiveVersion = 1;
	classes = {
	};
	objectVersion = 50;
	objects = {

/* Begin PBXBuildFile section */
		0871F44A24E7BA5E0049E4FF /* DetailCell.swift in Sources */ = {isa = PBXBuildFile; fileRef = 0871F44924E7BA5E0049E4FF /* DetailCell.swift */; };
		D1266F7724DD8598000FB33B /* AppDelegate.swift in Sources */ = {isa = PBXBuildFile; fileRef = D1266F7624DD8598000FB33B /* AppDelegate.swift */; };
		D1266F7924DD8598000FB33B /* SceneDelegate.swift in Sources */ = {isa = PBXBuildFile; fileRef = D1266F7824DD8598000FB33B /* SceneDelegate.swift */; };
		D1266F7B24DD8598000FB33B /* ListFoodVC.swift in Sources */ = {isa = PBXBuildFile; fileRef = D1266F7A24DD8598000FB33B /* ListFoodVC.swift */; };
		D1266F7E24DD8598000FB33B /* Main.storyboard in Resources */ = {isa = PBXBuildFile; fileRef = D1266F7C24DD8598000FB33B /* Main.storyboard */; };
		D1266F8024DD8599000FB33B /* Assets.xcassets in Resources */ = {isa = PBXBuildFile; fileRef = D1266F7F24DD8599000FB33B /* Assets.xcassets */; };
		D1266F8324DD8599000FB33B /* LaunchScreen.storyboard in Resources */ = {isa = PBXBuildFile; fileRef = D1266F8124DD8599000FB33B /* LaunchScreen.storyboard */; };
		D1266F8B24DD85B4000FB33B /* ListModel.swift in Sources */ = {isa = PBXBuildFile; fileRef = D1266F8A24DD85B4000FB33B /* ListModel.swift */; };
		D1266F8D24DD9337000FB33B /* DetailFoodVC.swift in Sources */ = {isa = PBXBuildFile; fileRef = D1266F8C24DD9337000FB33B /* DetailFoodVC.swift */; };
		D1266F8F24DD9367000FB33B /* ProfileVC.swift in Sources */ = {isa = PBXBuildFile; fileRef = D1266F8E24DD9367000FB33B /* ProfileVC.swift */; };
		D134B9F024DDA9470005CCC6 /* Constants.swift in Sources */ = {isa = PBXBuildFile; fileRef = D134B9EF24DDA9470005CCC6 /* Constants.swift */; };
		D1A5818424E40EA9000194F9 /* ListFoodCell.swift in Sources */ = {isa = PBXBuildFile; fileRef = D1A5818324E40EA9000194F9 /* ListFoodCell.swift */; };
/* End PBXBuildFile section */

/* Begin PBXFileReference section */
		0871F44924E7BA5E0049E4FF /* DetailCell.swift */ = {isa = PBXFileReference; lastKnownFileType = sourcecode.swift; path = DetailCell.swift; sourceTree = "<group>"; };
		D1266F7324DD8598000FB33B /* Let's Eat!.app */ = {isa = PBXFileReference; explicitFileType = wrapper.application; includeInIndex = 0; path = "Let's Eat!.app"; sourceTree = BUILT_PRODUCTS_DIR; };
		D1266F7624DD8598000FB33B /* AppDelegate.swift */ = {isa = PBXFileReference; lastKnownFileType = sourcecode.swift; path = AppDelegate.swift; sourceTree = "<group>"; };
		D1266F7824DD8598000FB33B /* SceneDelegate.swift */ = {isa = PBXFileReference; lastKnownFileType = sourcecode.swift; path = SceneDelegate.swift; sourceTree = "<group>"; };
		D1266F7A24DD8598000FB33B /* ListFoodVC.swift */ = {isa = PBXFileReference; lastKnownFileType = sourcecode.swift; path = ListFoodVC.swift; sourceTree = "<group>"; };
		D1266F7D24DD8598000FB33B /* Base */ = {isa = PBXFileReference; lastKnownFileType = file.storyboard; name = Base; path = Base.lproj/Main.storyboard; sourceTree = "<group>"; };
		D1266F7F24DD8599000FB33B /* Assets.xcassets */ = {isa = PBXFileReference; lastKnownFileType = folder.assetcatalog; path = Assets.xcassets; sourceTree = "<group>"; };
		D1266F8224DD8599000FB33B /* Base */ = {isa = PBXFileReference; lastKnownFileType = file.storyboard; name = Base; path = Base.lproj/LaunchScreen.storyboard; sourceTree = "<group>"; };
		D1266F8424DD8599000FB33B /* Info.plist */ = {isa = PBXFileReference; lastKnownFileType = text.plist.xml; path = Info.plist; sourceTree = "<group>"; };
		D1266F8A24DD85B4000FB33B /* ListModel.swift */ = {isa = PBXFileReference; lastKnownFileType = sourcecode.swift; path = ListModel.swift; sourceTree = "<group>"; };
		D1266F8C24DD9337000FB33B /* DetailFoodVC.swift */ = {isa = PBXFileReference; lastKnownFileType = sourcecode.swift; path = DetailFoodVC.swift; sourceTree = "<group>"; };
		D1266F8E24DD9367000FB33B /* ProfileVC.swift */ = {isa = PBXFileReference; lastKnownFileType = sourcecode.swift; path = ProfileVC.swift; sourceTree = "<group>"; };
		D134B9EF24DDA9470005CCC6 /* Constants.swift */ = {isa = PBXFileReference; lastKnownFileType = sourcecode.swift; path = Constants.swift; sourceTree = "<group>"; };
		D1A5818324E40EA9000194F9 /* ListFoodCell.swift */ = {isa = PBXFileReference; lastKnownFileType = sourcecode.swift; path = ListFoodCell.swift; sourceTree = "<group>"; };
/* End PBXFileReference section */

/* Begin PBXFrameworksBuildPhase section */
		D1266F7024DD8598000FB33B /* Frameworks */ = {
			isa = PBXFrameworksBuildPhase;
			buildActionMask = 2147483647;
			files = (
			);
			runOnlyForDeploymentPostprocessing = 0;
		};
/* End PBXFrameworksBuildPhase section */

/* Begin PBXGroup section */
		D1167A8B24E2D7720000BDC4 /* Model */ = {
			isa = PBXGroup;
			children = (
				D1266F8A24DD85B4000FB33B /* ListModel.swift */,
			);
			path = Model;
			sourceTree = "<group>";
		};
		D1167A8C24E2D7790000BDC4 /* View */ = {
			isa = PBXGroup;
			children = (
				D1266F7C24DD8598000FB33B /* Main.storyboard */,
			);
			path = View;
			sourceTree = "<group>";
		};
		D1167A8D24E2D77D0000BDC4 /* Controller */ = {
			isa = PBXGroup;
			children = (
				D1266F8E24DD9367000FB33B /* ProfileVC.swift */,
				D1266F8C24DD9337000FB33B /* DetailFoodVC.swift */,
				D1266F7A24DD8598000FB33B /* ListFoodVC.swift */,
				D1A5818324E40EA9000194F9 /* ListFoodCell.swift */,
				0871F44924E7BA5E0049E4FF /* DetailCell.swift */,
			);
			path = Controller;
			sourceTree = "<group>";
		};
		D1167A8E24E2D7B10000BDC4 /* Other */ = {
			isa = PBXGroup;
			children = (
				D134B9EF24DDA9470005CCC6 /* Constants.swift */,
			);
			path = Other;
			sourceTree = "<group>";
		};
		D1266F6A24DD8598000FB33B = {
			isa = PBXGroup;
			children = (
				D1266F7524DD8598000FB33B /* Let's Eat! */,
				D1266F7424DD8598000FB33B /* Products */,
			);
			sourceTree = "<group>";
		};
		D1266F7424DD8598000FB33B /* Products */ = {
			isa = PBXGroup;
			children = (
				D1266F7324DD8598000FB33B /* Let's Eat!.app */,
			);
			name = Products;
			sourceTree = "<group>";
		};
		D1266F7524DD8598000FB33B /* Let's Eat! */ = {
			isa = PBXGroup;
			children = (
				D1167A8E24E2D7B10000BDC4 /* Other */,
				D1167A8D24E2D77D0000BDC4 /* Controller */,
				D1167A8C24E2D7790000BDC4 /* View */,
				D1167A8B24E2D7720000BDC4 /* Model */,
				D1266F7624DD8598000FB33B /* AppDelegate.swift */,
				D1266F7824DD8598000FB33B /* SceneDelegate.swift */,
				D1266F7F24DD8599000FB33B /* Assets.xcassets */,
				D1266F8124DD8599000FB33B /* LaunchScreen.storyboard */,
				D1266F8424DD8599000FB33B /* Info.plist */,
			);
			path = "Let's Eat!";
			sourceTree = "<group>";
		};
/* End PBXGroup section */

/* Begin PBXNativeTarget section */
		D1266F7224DD8598000FB33B /* Let's Eat! */ = {
			isa = PBXNativeTarget;
			buildConfigurationList = D1266F8724DD8599000FB33B /* Build configuration list for PBXNativeTarget "Let's Eat!" */;
			buildPhases = (
				D1266F6F24DD8598000FB33B /* Sources */,
				D1266F7024DD8598000FB33B /* Frameworks */,
				D1266F7124DD8598000FB33B /* Resources */,
			);
			buildRules = (
			);
			dependencies = (
			);
			name = "Let's Eat!";
			productName = "Let's Eat!";
			productReference = D1266F7324DD8598000FB33B /* Let's Eat!.app */;
			productType = "com.apple.product-type.application";
		};
/* End PBXNativeTarget section */

/* Begin PBXProject section */
		D1266F6B24DD8598000FB33B /* Project object */ = {
			isa = PBXProject;
			attributes = {
				LastSwiftUpdateCheck = 1160;
				LastUpgradeCheck = 1160;
				ORGANIZATIONNAME = "Marsel Estefan Lie";
				TargetAttributes = {
					D1266F7224DD8598000FB33B = {
						CreatedOnToolsVersion = 11.6;
					};
				};
			};
			buildConfigurationList = D1266F6E24DD8598000FB33B /* Build configuration list for PBXProject "Let's Eat!" */;
			compatibilityVersion = "Xcode 9.3";
			developmentRegion = en;
			hasScannedForEncodings = 0;
			knownRegions = (
				en,
				Base,
			);
			mainGroup = D1266F6A24DD8598000FB33B;
			productRefGroup = D1266F7424DD8598000FB33B /* Products */;
			projectDirPath = "";
			projectRoot = "";
			targets = (
				D1266F7224DD8598000FB33B /* Let's Eat! */,
			);
		};
/* End PBXProject section */

/* Begin PBXResourcesBuildPhase section */
		D1266F7124DD8598000FB33B /* Resources */ = {
			isa = PBXResourcesBuildPhase;
			buildActionMask = 2147483647;
			files = (
				D1266F8324DD8599000FB33B /* LaunchScreen.storyboard in Resources */,
				D1266F8024DD8599000FB33B /* Assets.xcassets in Resources */,
				D1266F7E24DD8598000FB33B /* Main.storyboard in Resources */,
			);
			runOnlyForDeploymentPostprocessing = 0;
		};
/* End PBXResourcesBuildPhase section */

/* Begin PBXSourcesBuildPhase section */
		D1266F6F24DD8598000FB33B /* Sources */ = {
			isa = PBXSourcesBuildPhase;
			buildActionMask = 2147483647;
			files = (
				D1266F8F24DD9367000FB33B /* ProfileVC.swift in Sources */,
				D1A5818424E40EA9000194F9 /* ListFoodCell.swift in Sources */,
				D1266F7B24DD8598000FB33B /* ListFoodVC.swift in Sources */,
				0871F44A24E7BA5E0049E4FF /* DetailCell.swift in Sources */,
				D1266F7724DD8598000FB33B /* AppDelegate.swift in Sources */,
				D1266F7924DD8598000FB33B /* SceneDelegate.swift in Sources */,
				D1266F8D24DD9337000FB33B /* DetailFoodVC.swift in Sources */,
				D1266F8B24DD85B4000FB33B /* ListModel.swift in Sources */,
				D134B9F024DDA9470005CCC6 /* Constants.swift in Sources */,
			);
			runOnlyForDeploymentPostprocessing = 0;
		};
/* End PBXSourcesBuildPhase section */

/* Begin PBXVariantGroup section */
		D1266F7C24DD8598000FB33B /* Main.storyboard */ = {
			isa = PBXVariantGroup;
			children = (
				D1266F7D24DD8598000FB33B /* Base */,
			);
			name = Main.storyboard;
			sourceTree = "<group>";
		};
		D1266F8124DD8599000FB33B /* LaunchScreen.storyboard */ = {
			isa = PBXVariantGroup;
			children = (
				D1266F8224DD8599000FB33B /* Base */,
			);
			name = LaunchScreen.storyboard;
			sourceTree = "<group>";
		};
/* End PBXVariantGroup section */

/* Begin XCBuildConfiguration section */
		D1266F8524DD8599000FB33B /* Debug */ = {
			isa = XCBuildConfiguration;
			buildSettings = {
				ALWAYS_SEARCH_USER_PATHS = NO;
				CLANG_ANALYZER_NONNULL = YES;
				CLANG_ANALYZER_NUMBER_OBJECT_CONVERSION = YES_AGGRESSIVE;
				CLANG_CXX_LANGUAGE_STANDARD = "gnu++14";
				CLANG_CXX_LIBRARY = "libc++";
				CLANG_ENABLE_MODULES = YES;
				CLANG_ENABLE_OBJC_ARC = YES;
				CLANG_ENABLE_OBJC_WEAK = YES;
				CLANG_WARN_BLOCK_CAPTURE_AUTORELEASING = YES;
				CLANG_WARN_BOOL_CONVERSION = YES;
				CLANG_WARN_COMMA = YES;
				CLANG_WARN_CONSTANT_CONVERSION = YES;
				CLANG_WARN_DEPRECATED_OBJC_IMPLEMENTATIONS = YES;
				CLANG_WARN_DIRECT_OBJC_ISA_USAGE = YES_ERROR;
				CLANG_WARN_DOCUMENTATION_COMMENTS = YES;
				CLANG_WARN_EMPTY_BODY = YES;
				CLANG_WARN_ENUM_CONVERSION = YES;
				CLANG_WARN_INFINITE_RECURSION = YES;
				CLANG_WARN_INT_CONVERSION = YES;
				CLANG_WARN_NON_LITERAL_NULL_CONVERSION = YES;
				CLANG_WARN_OBJC_IMPLICIT_RETAIN_SELF = YES;
				CLANG_WARN_OBJC_LITERAL_CONVERSION = YES;
				CLANG_WARN_OBJC_ROOT_CLASS = YES_ERROR;
				CLANG_WARN_RANGE_LOOP_ANALYSIS = YES;
				CLANG_WARN_STRICT_PROTOTYPES = YES;
				CLANG_WARN_SUSPICIOUS_MOVE = YES;
				CLANG_WARN_UNGUARDED_AVAILABILITY = YES_AGGRESSIVE;
				CLANG_WARN_UNREACHABLE_CODE = YES;
				CLANG_WARN__DUPLICATE_METHOD_MATCH = YES;
				COPY_PHASE_STRIP = NO;
				DEBUG_INFORMATION_FORMAT = dwarf;
				ENABLE_STRICT_OBJC_MSGSEND = YES;
				ENABLE_TESTABILITY = YES;
				GCC_C_LANGUAGE_STANDARD = gnu11;
				GCC_DYNAMIC_NO_PIC = NO;
				GCC_NO_COMMON_BLOCKS = YES;
				GCC_OPTIMIZATION_LEVEL = 0;
				GCC_PREPROCESSOR_DEFINITIONS = (
					"DEBUG=1",
					"$(inherited)",
				);
				GCC_WARN_64_TO_32_BIT_CONVERSION = YES;
				GCC_WARN_ABOUT_RETURN_TYPE = YES_ERROR;
				GCC_WARN_UNDECLARED_SELECTOR = YES;
				GCC_WARN_UNINITIALIZED_AUTOS = YES_AGGRESSIVE;
				GCC_WARN_UNUSED_FUNCTION = YES;
				GCC_WARN_UNUSED_VARIABLE = YES;
				IPHONEOS_DEPLOYMENT_TARGET = 13.6;
				MTL_ENABLE_DEBUG_INFO = INCLUDE_SOURCE;
				MTL_FAST_MATH = YES;
				ONLY_ACTIVE_ARCH = YES;
				SDKROOT = iphoneos;
				SWIFT_ACTIVE_COMPILATION_CONDITIONS = DEBUG;
				SWIFT_OPTIMIZATION_LEVEL = "-Onone";
			};
			name = Debug;
		};
		D1266F8624DD8599000FB33B /* Release */ = {
			isa = XCBuildConfiguration;
			buildSettings = {
				ALWAYS_SEARCH_USER_PATHS = NO;
				CLANG_ANALYZER_NONNULL = YES;
				CLANG_ANALYZER_NUMBER_OBJECT_CONVERSION = YES_AGGRESSIVE;
				CLANG_CXX_LANGUAGE_STANDARD = "gnu++14";
				CLANG_CXX_LIBRARY = "libc++";
				CLANG_ENABLE_MODULES = YES;
				CLANG_ENABLE_OBJC_ARC = YES;
				CLANG_ENABLE_OBJC_WEAK = YES;
				CLANG_WARN_BLOCK_CAPTURE_AUTORELEASING = YES;
				CLANG_WARN_BOOL_CONVERSION = YES;
				CLANG_WARN_COMMA = YES;
				CLANG_WARN_CONSTANT_CONVERSION = YES;
				CLANG_WARN_DEPRECATED_OBJC_IMPLEMENTATIONS = YES;
				CLANG_WARN_DIRECT_OBJC_ISA_USAGE = YES_ERROR;
				CLANG_WARN_DOCUMENTATION_COMMENTS = YES;
				CLANG_WARN_EMPTY_BODY = YES;
				CLANG_WARN_ENUM_CONVERSION = YES;
				CLANG_WARN_INFINITE_RECURSION = YES;
				CLANG_WARN_INT_CONVERSION = YES;
				CLANG_WARN_NON_LITERAL_NULL_CONVERSION = YES;
				CLANG_WARN_OBJC_IMPLICIT_RETAIN_SELF = YES;
				CLANG_WARN_OBJC_LITERAL_CONVERSION = YES;
				CLANG_WARN_OBJC_ROOT_CLASS = YES_ERROR;
				CLANG_WARN_RANGE_LOOP_ANALYSIS = YES;
				CLANG_WARN_STRICT_PROTOTYPES = YES;
				CLANG_WARN_SUSPICIOUS_MOVE = YES;
				CLANG_WARN_UNGUARDED_AVAILABILITY = YES_AGGRESSIVE;
				CLANG_WARN_UNREACHABLE_CODE = YES;
				CLANG_WARN__DUPLICATE_METHOD_MATCH = YES;
				COPY_PHASE_STRIP = NO;
				DEBUG_INFORMATION_FORMAT = "dwarf-with-dsym";
				ENABLE_NS_ASSERTIONS = NO;
				ENABLE_STRICT_OBJC_MSGSEND = YES;
				GCC_C_LANGUAGE_STANDARD = gnu11;
				GCC_NO_COMMON_BLOCKS = YES;
				GCC_WARN_64_TO_32_BIT_CONVERSION = YES;
				GCC_WARN_ABOUT_RETURN_TYPE = YES_ERROR;
				GCC_WARN_UNDECLARED_SELECTOR = YES;
				GCC_WARN_UNINITIALIZED_AUTOS = YES_AGGRESSIVE;
				GCC_WARN_UNUSED_FUNCTION = YES;
				GCC_WARN_UNUSED_VARIABLE = YES;
				IPHONEOS_DEPLOYMENT_TARGET = 13.6;
				MTL_ENABLE_DEBUG_INFO = NO;
				MTL_FAST_MATH = YES;
				SDKROOT = iphoneos;
				SWIFT_COMPILATION_MODE = wholemodule;
				SWIFT_OPTIMIZATION_LEVEL = "-O";
				VALIDATE_PRODUCT = YES;
			};
			name = Release;
		};
		D1266F8824DD8599000FB33B /* Debug */ = {
			isa = XCBuildConfiguration;
			buildSettings = {
				ASSETCATALOG_COMPILER_APPICON_NAME = AppIcon;
				CODE_SIGN_STYLE = Automatic;
				DEVELOPMENT_TEAM = M8D2M36G2T;
				INFOPLIST_FILE = "Let's Eat!/Info.plist";
				LD_RUNPATH_SEARCH_PATHS = (
					"$(inherited)",
					"@executable_path/Frameworks",
				);
				PRODUCT_BUNDLE_IDENTIFIER = "com.marsel.Let-s-Eat-";
				PRODUCT_NAME = "$(TARGET_NAME)";
				SWIFT_VERSION = 5.0;
				TARGETED_DEVICE_FAMILY = "1,2";
			};
			name = Debug;
		};
		D1266F8924DD8599000FB33B /* Release */ = {
			isa = XCBuildConfiguration;
			buildSettings = {
				ASSETCATALOG_COMPILER_APPICON_NAME = AppIcon;
				CODE_SIGN_STYLE = Automatic;
				DEVELOPMENT_TEAM = M8D2M36G2T;
				INFOPLIST_FILE = "Let's Eat!/Info.plist";
				LD_RUNPATH_SEARCH_PATHS = (
					"$(inherited)",
					"@executable_path/Frameworks",
				);
				PRODUCT_BUNDLE_IDENTIFIER = "com.marsel.Let-s-Eat-";
				PRODUCT_NAME = "$(TARGET_NAME)";
				SWIFT_VERSION = 5.0;
				TARGETED_DEVICE_FAMILY = "1,2";
			};
			name = Release;
		};
/* End XCBuildConfiguration section */

/* Begin XCConfigurationList section */
		D1266F6E24DD8598000FB33B /* Build configuration list for PBXProject "Let's Eat!" */ = {
			isa = XCConfigurationList;
			buildConfigurations = (
				D1266F8524DD8599000FB33B /* Debug */,
				D1266F8624DD8599000FB33B /* Release */,
			);
			defaultConfigurationIsVisible = 0;
			defaultConfigurationName = Release;
		};
		D1266F8724DD8599000FB33B /* Build configuration list for PBXNativeTarget "Let's Eat!" */ = {
			isa = XCConfigurationList;
			buildConfigurations = (
				D1266F8824DD8599000FB33B /* Debug */,
				D1266F8924DD8599000FB33B /* Release */,
			);
			defaultConfigurationIsVisible = 0;
			defaultConfigurationName = Release;
		};
/* End XCConfigurationList section */
	};
	rootObject = D1266F6B24DD8598000FB33B /* Project object */;
}
